// !$*UTF8*$!
{
	archiveVersion = 1;
	classes = {
	};
	objectVersion = 52;
	objects = {

/* Begin PBXBuildFile section */
		F1284745251CFAEA00BCE2F4 /* AppDelegate.swift in Sources */ = {isa = PBXBuildFile; fileRef = F1284744251CFAEA00BCE2F4 /* AppDelegate.swift */; };
		F1284747251CFAEA00BCE2F4 /* SceneDelegate.swift in Sources */ = {isa = PBXBuildFile; fileRef = F1284746251CFAEA00BCE2F4 /* SceneDelegate.swift */; };
		F1284749251CFAEA00BCE2F4 /* ViewController.swift in Sources */ = {isa = PBXBuildFile; fileRef = F1284748251CFAEA00BCE2F4 /* ViewController.swift */; };
		F128474C251CFAEA00BCE2F4 /* Main.storyboard in Resources */ = {isa = PBXBuildFile; fileRef = F128474A251CFAEA00BCE2F4 /* Main.storyboard */; };
		F128474E251CFAEB00BCE2F4 /* Assets.xcassets in Resources */ = {isa = PBXBuildFile; fileRef = F128474D251CFAEB00BCE2F4 /* Assets.xcassets */; };
		F1284751251CFAEB00BCE2F4 /* LaunchScreen.storyboard in Resources */ = {isa = PBXBuildFile; fileRef = F128474F251CFAEB00BCE2F4 /* LaunchScreen.storyboard */; };
		F128475A251CFC3300BCE2F4 /* MainTabBarController.swift in Sources */ = {isa = PBXBuildFile; fileRef = F1284759251CFC3300BCE2F4 /* MainTabBarController.swift */; };
		F128475E251D1C1B00BCE2F4 /* SearchMusicViewController.swift in Sources */ = {isa = PBXBuildFile; fileRef = F128475D251D1C1B00BCE2F4 /* SearchMusicViewController.swift */; };
		F13905D4253337ED00821A6F /* UserDefaults.swift in Sources */ = {isa = PBXBuildFile; fileRef = F13905D3253337ED00821A6F /* UserDefaults.swift */; };
		F13905D8253344EA00821A6F /* URLImage in Frameworks */ = {isa = PBXBuildFile; productRef = F13905D7253344EA00821A6F /* URLImage */; };
		F142776E251F64B500FC1BC2 /* SearchResponse.swift in Sources */ = {isa = PBXBuildFile; fileRef = F142776D251F64B500FC1BC2 /* SearchResponse.swift */; };
		F148F3E72520EE260088FE50 /* NetworkService.swift in Sources */ = {isa = PBXBuildFile; fileRef = F148F3E62520EE260088FE50 /* NetworkService.swift */; };
		F148F40325211C3F0088FE50 /* SearchViewControllerPresenter.swift in Sources */ = {isa = PBXBuildFile; fileRef = F148F3FC25211C3F0088FE50 /* SearchViewControllerPresenter.swift */; };
		F148F40425211C3F0088FE50 /* SearchViewControllerWorker.swift in Sources */ = {isa = PBXBuildFile; fileRef = F148F3FD25211C3F0088FE50 /* SearchViewControllerWorker.swift */; };
		F148F40525211C3F0088FE50 /* SearchViewControllerRouter.swift in Sources */ = {isa = PBXBuildFile; fileRef = F148F3FE25211C3F0088FE50 /* SearchViewControllerRouter.swift */; };
		F148F40625211C3F0088FE50 /* SearchViewControllerModels.swift in Sources */ = {isa = PBXBuildFile; fileRef = F148F3FF25211C3F0088FE50 /* SearchViewControllerModels.swift */; };
		F148F40725211C3F0088FE50 /* SearchViewControllerViewController.swift in Sources */ = {isa = PBXBuildFile; fileRef = F148F40025211C3F0088FE50 /* SearchViewControllerViewController.swift */; };
		F148F40825211C3F0088FE50 /* SearchViewControllerInteractor.swift in Sources */ = {isa = PBXBuildFile; fileRef = F148F40125211C3F0088FE50 /* SearchViewControllerInteractor.swift */; };
		F148F412252129630088FE50 /* UIViewController + Storyboard.swift in Sources */ = {isa = PBXBuildFile; fileRef = F148F411252129630088FE50 /* UIViewController + Storyboard.swift */; };
		F14A278C252A003B009A39FC /* CMTime+Extension.swift in Sources */ = {isa = PBXBuildFile; fileRef = F14A278B252A003B009A39FC /* CMTime+Extension.swift */; };
		F150A1C325261A380003A04B /* FooterView.swift in Sources */ = {isa = PBXBuildFile; fileRef = F150A1C225261A380003A04B /* FooterView.swift */; };
		F150A1CC2526577F0003A04B /* TrackDetailView.xib in Resources */ = {isa = PBXBuildFile; fileRef = F150A1CB2526577F0003A04B /* TrackDetailView.xib */; };
		F150A1CF252657940003A04B /* TrackDetailView.swift in Sources */ = {isa = PBXBuildFile; fileRef = F150A1CE252657940003A04B /* TrackDetailView.swift */; };
		F1800AAF2531B13E0035C296 /* Library.swift in Sources */ = {isa = PBXBuildFile; fileRef = F1800AAE2531B13E0035C296 /* Library.swift */; };
		F198D43625225BFC00A4263E /* SearchViewControllerViewController.storyboard in Resources */ = {isa = PBXBuildFile; fileRef = F148F40B252121850088FE50 /* SearchViewControllerViewController.storyboard */; };
		F1DB6BE0252B9A7C007C9933 /* Nib.swift in Sources */ = {isa = PBXBuildFile; fileRef = F1DB6BDF252B9A7C007C9933 /* Nib.swift */; };
		F1F7CA1C252511DF0090BFBB /* TrackCell.xib in Resources */ = {isa = PBXBuildFile; fileRef = F1F7CA1B252511DF0090BFBB /* TrackCell.xib */; };
		F1F7CA1F252512110090BFBB /* TrackCell.swift in Sources */ = {isa = PBXBuildFile; fileRef = F1F7CA1E252512110090BFBB /* TrackCell.swift */; };
		FAE358A3E8F3379CA0C73D97 /* Pods_iMusic.framework in Frameworks */ = {isa = PBXBuildFile; fileRef = CD145DD36B38C3AC252679CC /* Pods_iMusic.framework */; };
/* End PBXBuildFile section */

/* Begin PBXFileReference section */
		CD145DD36B38C3AC252679CC /* Pods_iMusic.framework */ = {isa = PBXFileReference; explicitFileType = wrapper.framework; includeInIndex = 0; path = Pods_iMusic.framework; sourceTree = BUILT_PRODUCTS_DIR; };
		E54B2381613AB4FEBA6F59CE /* Pods-iMusic.release.xcconfig */ = {isa = PBXFileReference; includeInIndex = 1; lastKnownFileType = text.xcconfig; name = "Pods-iMusic.release.xcconfig"; path = "Target Support Files/Pods-iMusic/Pods-iMusic.release.xcconfig"; sourceTree = "<group>"; };
		E87AA024CC3BD229F16D2F96 /* Pods-iMusic.debug.xcconfig */ = {isa = PBXFileReference; includeInIndex = 1; lastKnownFileType = text.xcconfig; name = "Pods-iMusic.debug.xcconfig"; path = "Target Support Files/Pods-iMusic/Pods-iMusic.debug.xcconfig"; sourceTree = "<group>"; };
		F1284741251CFAEA00BCE2F4 /* iMusic.app */ = {isa = PBXFileReference; explicitFileType = wrapper.application; includeInIndex = 0; path = iMusic.app; sourceTree = BUILT_PRODUCTS_DIR; };
		F1284744251CFAEA00BCE2F4 /* AppDelegate.swift */ = {isa = PBXFileReference; lastKnownFileType = sourcecode.swift; path = AppDelegate.swift; sourceTree = "<group>"; };
		F1284746251CFAEA00BCE2F4 /* SceneDelegate.swift */ = {isa = PBXFileReference; lastKnownFileType = sourcecode.swift; path = SceneDelegate.swift; sourceTree = "<group>"; };
		F1284748251CFAEA00BCE2F4 /* ViewController.swift */ = {isa = PBXFileReference; lastKnownFileType = sourcecode.swift; path = ViewController.swift; sourceTree = "<group>"; };
		F128474B251CFAEA00BCE2F4 /* Base */ = {isa = PBXFileReference; lastKnownFileType = file.storyboard; name = Base; path = Base.lproj/Main.storyboard; sourceTree = "<group>"; };
		F128474D251CFAEB00BCE2F4 /* Assets.xcassets */ = {isa = PBXFileReference; lastKnownFileType = folder.assetcatalog; path = Assets.xcassets; sourceTree = "<group>"; };
		F1284750251CFAEB00BCE2F4 /* Base */ = {isa = PBXFileReference; lastKnownFileType = file.storyboard; name = Base; path = Base.lproj/LaunchScreen.storyboard; sourceTree = "<group>"; };
		F1284752251CFAEB00BCE2F4 /* Info.plist */ = {isa = PBXFileReference; lastKnownFileType = text.plist.xml; path = Info.plist; sourceTree = "<group>"; };
		F1284759251CFC3300BCE2F4 /* MainTabBarController.swift */ = {isa = PBXFileReference; lastKnownFileType = sourcecode.swift; path = MainTabBarController.swift; sourceTree = "<group>"; };
		F128475D251D1C1B00BCE2F4 /* SearchMusicViewController.swift */ = {isa = PBXFileReference; lastKnownFileType = sourcecode.swift; path = SearchMusicViewController.swift; sourceTree = "<group>"; };
		F13905D3253337ED00821A6F /* UserDefaults.swift */ = {isa = PBXFileReference; lastKnownFileType = sourcecode.swift; path = UserDefaults.swift; sourceTree = "<group>"; };
		F142776D251F64B500FC1BC2 /* SearchResponse.swift */ = {isa = PBXFileReference; lastKnownFileType = sourcecode.swift; path = SearchResponse.swift; sourceTree = "<group>"; };
		F148F3E62520EE260088FE50 /* NetworkService.swift */ = {isa = PBXFileReference; lastKnownFileType = sourcecode.swift; path = NetworkService.swift; sourceTree = "<group>"; };
		F148F3FC25211C3F0088FE50 /* SearchViewControllerPresenter.swift */ = {isa = PBXFileReference; lastKnownFileType = sourcecode.swift; path = SearchViewControllerPresenter.swift; sourceTree = "<group>"; };
		F148F3FD25211C3F0088FE50 /* SearchViewControllerWorker.swift */ = {isa = PBXFileReference; lastKnownFileType = sourcecode.swift; path = SearchViewControllerWorker.swift; sourceTree = "<group>"; };
		F148F3FE25211C3F0088FE50 /* SearchViewControllerRouter.swift */ = {isa = PBXFileReference; lastKnownFileType = sourcecode.swift; path = SearchViewControllerRouter.swift; sourceTree = "<group>"; };
		F148F3FF25211C3F0088FE50 /* SearchViewControllerModels.swift */ = {isa = PBXFileReference; lastKnownFileType = sourcecode.swift; path = SearchViewControllerModels.swift; sourceTree = "<group>"; };
		F148F40025211C3F0088FE50 /* SearchViewControllerViewController.swift */ = {isa = PBXFileReference; lastKnownFileType = sourcecode.swift; path = SearchViewControllerViewController.swift; sourceTree = "<group>"; };
		F148F40125211C3F0088FE50 /* SearchViewControllerInteractor.swift */ = {isa = PBXFileReference; lastKnownFileType = sourcecode.swift; path = SearchViewControllerInteractor.swift; sourceTree = "<group>"; };
		F148F40B252121850088FE50 /* SearchViewControllerViewController.storyboard */ = {isa = PBXFileReference; lastKnownFileType = file.storyboard; path = SearchViewControllerViewController.storyboard; sourceTree = "<group>"; };
		F148F411252129630088FE50 /* UIViewController + Storyboard.swift */ = {isa = PBXFileReference; lastKnownFileType = sourcecode.swift; path = "UIViewController + Storyboard.swift"; sourceTree = "<group>"; };
		F14A278B252A003B009A39FC /* CMTime+Extension.swift */ = {isa = PBXFileReference; lastKnownFileType = sourcecode.swift; path = "CMTime+Extension.swift"; sourceTree = "<group>"; };
		F150A1C225261A380003A04B /* FooterView.swift */ = {isa = PBXFileReference; lastKnownFileType = sourcecode.swift; path = FooterView.swift; sourceTree = "<group>"; };
		F150A1CB2526577F0003A04B /* TrackDetailView.xib */ = {isa = PBXFileReference; lastKnownFileType = file.xib; path = TrackDetailView.xib; sourceTree = "<group>"; };
		F150A1CE252657940003A04B /* TrackDetailView.swift */ = {isa = PBXFileReference; lastKnownFileType = sourcecode.swift; path = TrackDetailView.swift; sourceTree = "<group>"; };
		F1800AAE2531B13E0035C296 /* Library.swift */ = {isa = PBXFileReference; lastKnownFileType = sourcecode.swift; path = Library.swift; sourceTree = "<group>"; };
		F1DB6BDF252B9A7C007C9933 /* Nib.swift */ = {isa = PBXFileReference; lastKnownFileType = sourcecode.swift; path = Nib.swift; sourceTree = "<group>"; };
		F1F7CA1B252511DF0090BFBB /* TrackCell.xib */ = {isa = PBXFileReference; lastKnownFileType = file.xib; path = TrackCell.xib; sourceTree = "<group>"; };
		F1F7CA1E252512110090BFBB /* TrackCell.swift */ = {isa = PBXFileReference; lastKnownFileType = sourcecode.swift; path = TrackCell.swift; sourceTree = "<group>"; };
/* End PBXFileReference section */

/* Begin PBXFrameworksBuildPhase section */
		F128473E251CFAEA00BCE2F4 /* Frameworks */ = {
			isa = PBXFrameworksBuildPhase;
			buildActionMask = 2147483647;
			files = (
				F13905D8253344EA00821A6F /* URLImage in Frameworks */,
				FAE358A3E8F3379CA0C73D97 /* Pods_iMusic.framework in Frameworks */,
			);
			runOnlyForDeploymentPostprocessing = 0;
		};
/* End PBXFrameworksBuildPhase section */

/* Begin PBXGroup section */
		4A470A6D3C1CCF52D575272D /* Frameworks */ = {
			isa = PBXGroup;
			children = (
				CD145DD36B38C3AC252679CC /* Pods_iMusic.framework */,
			);
			name = Frameworks;
			sourceTree = "<group>";
		};
		AD80CFC77E53F4C9F394454D /* Pods */ = {
			isa = PBXGroup;
			children = (
				E87AA024CC3BD229F16D2F96 /* Pods-iMusic.debug.xcconfig */,
				E54B2381613AB4FEBA6F59CE /* Pods-iMusic.release.xcconfig */,
			);
			path = Pods;
			sourceTree = "<group>";
		};
		F1284738251CFAEA00BCE2F4 = {
			isa = PBXGroup;
			children = (
				F1284743251CFAEA00BCE2F4 /* iMusic */,
				F1284742251CFAEA00BCE2F4 /* Products */,
				AD80CFC77E53F4C9F394454D /* Pods */,
				4A470A6D3C1CCF52D575272D /* Frameworks */,
			);
			sourceTree = "<group>";
		};
		F1284742251CFAEA00BCE2F4 /* Products */ = {
			isa = PBXGroup;
			children = (
				F1284741251CFAEA00BCE2F4 /* iMusic.app */,
			);
			name = Products;
			sourceTree = "<group>";
		};
		F1284743251CFAEA00BCE2F4 /* iMusic */ = {
			isa = PBXGroup;
			children = (
				F1284744251CFAEA00BCE2F4 /* AppDelegate.swift */,
				F1284746251CFAEA00BCE2F4 /* SceneDelegate.swift */,
				F1800AB12531B1510035C296 /* Library SwiftUI Files */,
				F148F3FA25211B880088FE50 /* Services */,
				F1284759251CFC3300BCE2F4 /* MainTabBarController.swift */,
				F148F3E925211A940088FE50 /* Search */,
				F148F414252129690088FE50 /* Helpers */,
				F1284748251CFAEA00BCE2F4 /* ViewController.swift */,
				F128475D251D1C1B00BCE2F4 /* SearchMusicViewController.swift */,
				F128474A251CFAEA00BCE2F4 /* Main.storyboard */,
				F128474D251CFAEB00BCE2F4 /* Assets.xcassets */,
				F128474F251CFAEB00BCE2F4 /* LaunchScreen.storyboard */,
				F1284752251CFAEB00BCE2F4 /* Info.plist */,
			);
			path = iMusic;
			sourceTree = "<group>";
		};
		F148F3E925211A940088FE50 /* Search */ = {
			isa = PBXGroup;
			children = (
				F150A1CA252657110003A04B /* TrackDetailView */,
				F150A1C1252619DC0003A04B /* FooterView */,
				F1F7CA19252511140090BFBB /* Cell */,
				F148F40B252121850088FE50 /* SearchViewControllerViewController.storyboard */,
				F148F40025211C3F0088FE50 /* SearchViewControllerViewController.swift */,
				F148F40125211C3F0088FE50 /* SearchViewControllerInteractor.swift */,
				F148F3FC25211C3F0088FE50 /* SearchViewControllerPresenter.swift */,
				F148F3FF25211C3F0088FE50 /* SearchViewControllerModels.swift */,
				F148F3FD25211C3F0088FE50 /* SearchViewControllerWorker.swift */,
				F148F3FE25211C3F0088FE50 /* SearchViewControllerRouter.swift */,
			);
			path = Search;
			sourceTree = "<group>";
		};
		F148F3FA25211B880088FE50 /* Services */ = {
			isa = PBXGroup;
			children = (
				F148F3E62520EE260088FE50 /* NetworkService.swift */,
				F1F7CA2125251E360090BFBB /* Models */,
			);
			path = Services;
			sourceTree = "<group>";
		};
		F148F414252129690088FE50 /* Helpers */ = {
			isa = PBXGroup;
			children = (
				F148F411252129630088FE50 /* UIViewController + Storyboard.swift */,
				F14A278B252A003B009A39FC /* CMTime+Extension.swift */,
				F1DB6BDF252B9A7C007C9933 /* Nib.swift */,
			);
			path = Helpers;
			sourceTree = "<group>";
		};
		F150A1C1252619DC0003A04B /* FooterView */ = {
			isa = PBXGroup;
			children = (
				F150A1C225261A380003A04B /* FooterView.swift */,
			);
			path = FooterView;
			sourceTree = "<group>";
		};
		F150A1CA252657110003A04B /* TrackDetailView */ = {
			isa = PBXGroup;
			children = (
				F150A1CB2526577F0003A04B /* TrackDetailView.xib */,
				F150A1CE252657940003A04B /* TrackDetailView.swift */,
			);
			name = TrackDetailView;
			sourceTree = "<group>";
		};
		F1800AB12531B1510035C296 /* Library SwiftUI Files */ = {
			isa = PBXGroup;
			children = (
				F1800AAE2531B13E0035C296 /* Library.swift */,
			);
			name = "Library SwiftUI Files";
			sourceTree = "<group>";
		};
		F1F7CA19252511140090BFBB /* Cell */ = {
			isa = PBXGroup;
			children = (
				F1F7CA1B252511DF0090BFBB /* TrackCell.xib */,
				F1F7CA1E252512110090BFBB /* TrackCell.swift */,
				F13905D3253337ED00821A6F /* UserDefaults.swift */,
			);
			name = Cell;
			sourceTree = "<group>";
		};
		F1F7CA2125251E360090BFBB /* Models */ = {
			isa = PBXGroup;
			children = (
				F142776D251F64B500FC1BC2 /* SearchResponse.swift */,
			);
			path = Models;
			sourceTree = "<group>";
		};
/* End PBXGroup section */

/* Begin PBXNativeTarget section */
		F1284740251CFAEA00BCE2F4 /* iMusic */ = {
			isa = PBXNativeTarget;
			buildConfigurationList = F1284755251CFAEB00BCE2F4 /* Build configuration list for PBXNativeTarget "iMusic" */;
			buildPhases = (
				E5F20C356716B445D3CDC471 /* [CP] Check Pods Manifest.lock */,
				F128473D251CFAEA00BCE2F4 /* Sources */,
				F128473E251CFAEA00BCE2F4 /* Frameworks */,
				F128473F251CFAEA00BCE2F4 /* Resources */,
				FF0F66555EEE1B0CA9BC1FB2 /* [CP] Embed Pods Frameworks */,
			);
			buildRules = (
			);
			dependencies = (
			);
			name = iMusic;
			packageProductDependencies = (
				F13905D7253344EA00821A6F /* URLImage */,
			);
			productName = iMusic;
			productReference = F1284741251CFAEA00BCE2F4 /* iMusic.app */;
			productType = "com.apple.product-type.application";
		};
/* End PBXNativeTarget section */

/* Begin PBXProject section */
		F1284739251CFAEA00BCE2F4 /* Project object */ = {
			isa = PBXProject;
			attributes = {
				LastSwiftUpdateCheck = 1200;
				LastUpgradeCheck = 1200;
				TargetAttributes = {
					F1284740251CFAEA00BCE2F4 = {
						CreatedOnToolsVersion = 12.0;
					};
				};
			};
			buildConfigurationList = F128473C251CFAEA00BCE2F4 /* Build configuration list for PBXProject "iMusic" */;
			compatibilityVersion = "Xcode 9.3";
			developmentRegion = en;
			hasScannedForEncodings = 0;
			knownRegions = (
				en,
				Base,
			);
			mainGroup = F1284738251CFAEA00BCE2F4;
			packageReferences = (
				F13905D6253344EA00821A6F /* XCRemoteSwiftPackageReference "url-image" */,
			);
			productRefGroup = F1284742251CFAEA00BCE2F4 /* Products */;
			projectDirPath = "";
			projectRoot = "";
			targets = (
				F1284740251CFAEA00BCE2F4 /* iMusic */,
			);
		};
/* End PBXProject section */

/* Begin PBXResourcesBuildPhase section */
		F128473F251CFAEA00BCE2F4 /* Resources */ = {
			isa = PBXResourcesBuildPhase;
			buildActionMask = 2147483647;
			files = (
				F198D43625225BFC00A4263E /* SearchViewControllerViewController.storyboard in Resources */,
				F1F7CA1C252511DF0090BFBB /* TrackCell.xib in Resources */,
				F1284751251CFAEB00BCE2F4 /* LaunchScreen.storyboard in Resources */,
				F128474E251CFAEB00BCE2F4 /* Assets.xcassets in Resources */,
				F150A1CC2526577F0003A04B /* TrackDetailView.xib in Resources */,
				F128474C251CFAEA00BCE2F4 /* Main.storyboard in Resources */,
			);
			runOnlyForDeploymentPostprocessing = 0;
		};
/* End PBXResourcesBuildPhase section */

/* Begin PBXShellScriptBuildPhase section */
		E5F20C356716B445D3CDC471 /* [CP] Check Pods Manifest.lock */ = {
			isa = PBXShellScriptBuildPhase;
			buildActionMask = 2147483647;
			files = (
			);
			inputFileListPaths = (
			);
			inputPaths = (
				"${PODS_PODFILE_DIR_PATH}/Podfile.lock",
				"${PODS_ROOT}/Manifest.lock",
			);
			name = "[CP] Check Pods Manifest.lock";
			outputFileListPaths = (
			);
			outputPaths = (
				"$(DERIVED_FILE_DIR)/Pods-iMusic-checkManifestLockResult.txt",
			);
			runOnlyForDeploymentPostprocessing = 0;
			shellPath = /bin/sh;
			shellScript = "diff \"${PODS_PODFILE_DIR_PATH}/Podfile.lock\" \"${PODS_ROOT}/Manifest.lock\" > /dev/null\nif [ $? != 0 ] ; then\n    # print error to STDERR\n    echo \"error: The sandbox is not in sync with the Podfile.lock. Run 'pod install' or update your CocoaPods installation.\" >&2\n    exit 1\nfi\n# This output is used by Xcode 'outputs' to avoid re-running this script phase.\necho \"SUCCESS\" > \"${SCRIPT_OUTPUT_FILE_0}\"\n";
			showEnvVarsInLog = 0;
		};
		FF0F66555EEE1B0CA9BC1FB2 /* [CP] Embed Pods Frameworks */ = {
			isa = PBXShellScriptBuildPhase;
			buildActionMask = 2147483647;
			files = (
			);
			inputFileListPaths = (
				"${PODS_ROOT}/Target Support Files/Pods-iMusic/Pods-iMusic-frameworks-${CONFIGURATION}-input-files.xcfilelist",
			);
			name = "[CP] Embed Pods Frameworks";
			outputFileListPaths = (
				"${PODS_ROOT}/Target Support Files/Pods-iMusic/Pods-iMusic-frameworks-${CONFIGURATION}-output-files.xcfilelist",
			);
			runOnlyForDeploymentPostprocessing = 0;
			shellPath = /bin/sh;
			shellScript = "\"${PODS_ROOT}/Target Support Files/Pods-iMusic/Pods-iMusic-frameworks.sh\"\n";
			showEnvVarsInLog = 0;
		};
/* End PBXShellScriptBuildPhase section */

/* Begin PBXSourcesBuildPhase section */
		F128473D251CFAEA00BCE2F4 /* Sources */ = {
			isa = PBXSourcesBuildPhase;
			buildActionMask = 2147483647;
			files = (
				F128475E251D1C1B00BCE2F4 /* SearchMusicViewController.swift in Sources */,
				F148F412252129630088FE50 /* UIViewController + Storyboard.swift in Sources */,
				F1284749251CFAEA00BCE2F4 /* ViewController.swift in Sources */,
				F142776E251F64B500FC1BC2 /* SearchResponse.swift in Sources */,
				F14A278C252A003B009A39FC /* CMTime+Extension.swift in Sources */,
				F13905D4253337ED00821A6F /* UserDefaults.swift in Sources */,
				F148F40725211C3F0088FE50 /* SearchViewControllerViewController.swift in Sources */,
				F150A1C325261A380003A04B /* FooterView.swift in Sources */,
				F1F7CA1F252512110090BFBB /* TrackCell.swift in Sources */,
				F1DB6BE0252B9A7C007C9933 /* Nib.swift in Sources */,
				F148F40325211C3F0088FE50 /* SearchViewControllerPresenter.swift in Sources */,
				F148F40525211C3F0088FE50 /* SearchViewControllerRouter.swift in Sources */,
				F1284745251CFAEA00BCE2F4 /* AppDelegate.swift in Sources */,
				F148F40425211C3F0088FE50 /* SearchViewControllerWorker.swift in Sources */,
				F148F40825211C3F0088FE50 /* SearchViewControllerInteractor.swift in Sources */,
				F128475A251CFC3300BCE2F4 /* MainTabBarController.swift in Sources */,
				F1284747251CFAEA00BCE2F4 /* SceneDelegate.swift in Sources */,
				F148F40625211C3F0088FE50 /* SearchViewControllerModels.swift in Sources */,
				F1800AAF2531B13E0035C296 /* Library.swift in Sources */,
				F150A1CF252657940003A04B /* TrackDetailView.swift in Sources */,
				F148F3E72520EE260088FE50 /* NetworkService.swift in Sources */,
			);
			runOnlyForDeploymentPostprocessing = 0;
		};
/* End PBXSourcesBuildPhase section */

/* Begin PBXVariantGroup section */
		F128474A251CFAEA00BCE2F4 /* Main.storyboard */ = {
			isa = PBXVariantGroup;
			children = (
				F128474B251CFAEA00BCE2F4 /* Base */,
			);
			name = Main.storyboard;
			sourceTree = "<group>";
		};
		F128474F251CFAEB00BCE2F4 /* LaunchScreen.storyboard */ = {
			isa = PBXVariantGroup;
			children = (
				F1284750251CFAEB00BCE2F4 /* Base */,
			);
			name = LaunchScreen.storyboard;
			sourceTree = "<group>";
		};
/* End PBXVariantGroup section */

/* Begin XCBuildConfiguration section */
		F1284753251CFAEB00BCE2F4 /* Debug */ = {
			isa = XCBuildConfiguration;
			buildSettings = {
				ALWAYS_SEARCH_USER_PATHS = NO;
				CLANG_ANALYZER_NONNULL = YES;
				CLANG_ANALYZER_NUMBER_OBJECT_CONVERSION = YES_AGGRESSIVE;
				CLANG_CXX_LANGUAGE_STANDARD = "gnu++14";
				CLANG_CXX_LIBRARY = "libc++";
				CLANG_ENABLE_MODULES = YES;
				CLANG_ENABLE_OBJC_ARC = YES;
				CLANG_ENABLE_OBJC_WEAK = YES;
				CLANG_WARN_BLOCK_CAPTURE_AUTORELEASING = YES;
				CLANG_WARN_BOOL_CONVERSION = YES;
				CLANG_WARN_COMMA = YES;
				CLANG_WARN_CONSTANT_CONVERSION = YES;
				CLANG_WARN_DEPRECATED_OBJC_IMPLEMENTATIONS = YES;
				CLANG_WARN_DIRECT_OBJC_ISA_USAGE = YES_ERROR;
				CLANG_WARN_DOCUMENTATION_COMMENTS = YES;
				CLANG_WARN_EMPTY_BODY = YES;
				CLANG_WARN_ENUM_CONVERSION = YES;
				CLANG_WARN_INFINITE_RECURSION = YES;
				CLANG_WARN_INT_CONVERSION = YES;
				CLANG_WARN_NON_LITERAL_NULL_CONVERSION = YES;
				CLANG_WARN_OBJC_IMPLICIT_RETAIN_SELF = YES;
				CLANG_WARN_OBJC_LITERAL_CONVERSION = YES;
				CLANG_WARN_OBJC_ROOT_CLASS = YES_ERROR;
				CLANG_WARN_QUOTED_INCLUDE_IN_FRAMEWORK_HEADER = YES;
				CLANG_WARN_RANGE_LOOP_ANALYSIS = YES;
				CLANG_WARN_STRICT_PROTOTYPES = YES;
				CLANG_WARN_SUSPICIOUS_MOVE = YES;
				CLANG_WARN_UNGUARDED_AVAILABILITY = YES_AGGRESSIVE;
				CLANG_WARN_UNREACHABLE_CODE = YES;
				CLANG_WARN__DUPLICATE_METHOD_MATCH = YES;
				COPY_PHASE_STRIP = NO;
				DEBUG_INFORMATION_FORMAT = dwarf;
				ENABLE_STRICT_OBJC_MSGSEND = YES;
				ENABLE_TESTABILITY = YES;
				GCC_C_LANGUAGE_STANDARD = gnu11;
				GCC_DYNAMIC_NO_PIC = NO;
				GCC_NO_COMMON_BLOCKS = YES;
				GCC_OPTIMIZATION_LEVEL = 0;
				GCC_PREPROCESSOR_DEFINITIONS = (
					"DEBUG=1",
					"$(inherited)",
				);
				GCC_WARN_64_TO_32_BIT_CONVERSION = YES;
				GCC_WARN_ABOUT_RETURN_TYPE = YES_ERROR;
				GCC_WARN_UNDECLARED_SELECTOR = YES;
				GCC_WARN_UNINITIALIZED_AUTOS = YES_AGGRESSIVE;
				GCC_WARN_UNUSED_FUNCTION = YES;
				GCC_WARN_UNUSED_VARIABLE = YES;
				IPHONEOS_DEPLOYMENT_TARGET = 14.0;
				MTL_ENABLE_DEBUG_INFO = INCLUDE_SOURCE;
				MTL_FAST_MATH = YES;
				ONLY_ACTIVE_ARCH = YES;
				SDKROOT = iphoneos;
				SWIFT_ACTIVE_COMPILATION_CONDITIONS = DEBUG;
				SWIFT_OPTIMIZATION_LEVEL = "-Onone";
			};
			name = Debug;
		};
		F1284754251CFAEB00BCE2F4 /* Release */ = {
			isa = XCBuildConfiguration;
			buildSettings = {
				ALWAYS_SEARCH_USER_PATHS = NO;
				CLANG_ANALYZER_NONNULL = YES;
				CLANG_ANALYZER_NUMBER_OBJECT_CONVERSION = YES_AGGRESSIVE;
				CLANG_CXX_LANGUAGE_STANDARD = "gnu++14";
				CLANG_CXX_LIBRARY = "libc++";
				CLANG_ENABLE_MODULES = YES;
				CLANG_ENABLE_OBJC_ARC = YES;
				CLANG_ENABLE_OBJC_WEAK = YES;
				CLANG_WARN_BLOCK_CAPTURE_AUTORELEASING = YES;
				CLANG_WARN_BOOL_CONVERSION = YES;
				CLANG_WARN_COMMA = YES;
				CLANG_WARN_CONSTANT_CONVERSION = YES;
				CLANG_WARN_DEPRECATED_OBJC_IMPLEMENTATIONS = YES;
				CLANG_WARN_DIRECT_OBJC_ISA_USAGE = YES_ERROR;
				CLANG_WARN_DOCUMENTATION_COMMENTS = YES;
				CLANG_WARN_EMPTY_BODY = YES;
				CLANG_WARN_ENUM_CONVERSION = YES;
				CLANG_WARN_INFINITE_RECURSION = YES;
				CLANG_WARN_INT_CONVERSION = YES;
				CLANG_WARN_NON_LITERAL_NULL_CONVERSION = YES;
				CLANG_WARN_OBJC_IMPLICIT_RETAIN_SELF = YES;
				CLANG_WARN_OBJC_LITERAL_CONVERSION = YES;
				CLANG_WARN_OBJC_ROOT_CLASS = YES_ERROR;
				CLANG_WARN_QUOTED_INCLUDE_IN_FRAMEWORK_HEADER = YES;
				CLANG_WARN_RANGE_LOOP_ANALYSIS = YES;
				CLANG_WARN_STRICT_PROTOTYPES = YES;
				CLANG_WARN_SUSPICIOUS_MOVE = YES;
				CLANG_WARN_UNGUARDED_AVAILABILITY = YES_AGGRESSIVE;
				CLANG_WARN_UNREACHABLE_CODE = YES;
				CLANG_WARN__DUPLICATE_METHOD_MATCH = YES;
				COPY_PHASE_STRIP = NO;
				DEBUG_INFORMATION_FORMAT = "dwarf-with-dsym";
				ENABLE_NS_ASSERTIONS = NO;
				ENABLE_STRICT_OBJC_MSGSEND = YES;
				GCC_C_LANGUAGE_STANDARD = gnu11;
				GCC_NO_COMMON_BLOCKS = YES;
				GCC_WARN_64_TO_32_BIT_CONVERSION = YES;
				GCC_WARN_ABOUT_RETURN_TYPE = YES_ERROR;
				GCC_WARN_UNDECLARED_SELECTOR = YES;
				GCC_WARN_UNINITIALIZED_AUTOS = YES_AGGRESSIVE;
				GCC_WARN_UNUSED_FUNCTION = YES;
				GCC_WARN_UNUSED_VARIABLE = YES;
				IPHONEOS_DEPLOYMENT_TARGET = 14.0;
				MTL_ENABLE_DEBUG_INFO = NO;
				MTL_FAST_MATH = YES;
				SDKROOT = iphoneos;
				SWIFT_COMPILATION_MODE = wholemodule;
				SWIFT_OPTIMIZATION_LEVEL = "-O";
				VALIDATE_PRODUCT = YES;
			};
			name = Release;
		};
		F1284756251CFAEB00BCE2F4 /* Debug */ = {
			isa = XCBuildConfiguration;
			baseConfigurationReference = E87AA024CC3BD229F16D2F96 /* Pods-iMusic.debug.xcconfig */;
			buildSettings = {
				ASSETCATALOG_COMPILER_APPICON_NAME = AppIcon;
				ASSETCATALOG_COMPILER_GLOBAL_ACCENT_COLOR_NAME = AccentColor;
				CODE_SIGN_STYLE = Automatic;
				DEVELOPMENT_TEAM = RB6XL782P8;
				INFOPLIST_FILE = iMusic/Info.plist;
				LD_RUNPATH_SEARCH_PATHS = (
					"$(inherited)",
					"@executable_path/Frameworks",
				);
				PRODUCT_BUNDLE_IDENTIFIER = com.sameliuk.iMusic;
				PRODUCT_NAME = "$(TARGET_NAME)";
				SWIFT_VERSION = 5.0;
				TARGETED_DEVICE_FAMILY = "1,2";
			};
			name = Debug;
		};
		F1284757251CFAEB00BCE2F4 /* Release */ = {
			isa = XCBuildConfiguration;
			baseConfigurationReference = E54B2381613AB4FEBA6F59CE /* Pods-iMusic.release.xcconfig */;
			buildSettings = {
				ASSETCATALOG_COMPILER_APPICON_NAME = AppIcon;
				ASSETCATALOG_COMPILER_GLOBAL_ACCENT_COLOR_NAME = AccentColor;
				CODE_SIGN_STYLE = Automatic;
				DEVELOPMENT_TEAM = RB6XL782P8;
				INFOPLIST_FILE = iMusic/Info.plist;
				LD_RUNPATH_SEARCH_PATHS = (
					"$(inherited)",
					"@executable_path/Frameworks",
				);
				PRODUCT_BUNDLE_IDENTIFIER = com.sameliuk.iMusic;
				PRODUCT_NAME = "$(TARGET_NAME)";
				SWIFT_VERSION = 5.0;
				TARGETED_DEVICE_FAMILY = "1,2";
			};
			name = Release;
		};
/* End XCBuildConfiguration section */

/* Begin XCConfigurationList section */
		F128473C251CFAEA00BCE2F4 /* Build configuration list for PBXProject "iMusic" */ = {
			isa = XCConfigurationList;
			buildConfigurations = (
				F1284753251CFAEB00BCE2F4 /* Debug */,
				F1284754251CFAEB00BCE2F4 /* Release */,
			);
			defaultConfigurationIsVisible = 0;
			defaultConfigurationName = Release;
		};
		F1284755251CFAEB00BCE2F4 /* Build configuration list for PBXNativeTarget "iMusic" */ = {
			isa = XCConfigurationList;
			buildConfigurations = (
				F1284756251CFAEB00BCE2F4 /* Debug */,
				F1284757251CFAEB00BCE2F4 /* Release */,
			);
			defaultConfigurationIsVisible = 0;
			defaultConfigurationName = Release;
		};
/* End XCConfigurationList section */

/* Begin XCRemoteSwiftPackageReference section */
		F13905D6253344EA00821A6F /* XCRemoteSwiftPackageReference "url-image" */ = {
			isa = XCRemoteSwiftPackageReference;
			repositoryURL = "https://github.com/dmytro-anokhin/url-image.git";
			requirement = {
				kind = upToNextMajorVersion;
				minimumVersion = 0.9.19;
			};
		};
/* End XCRemoteSwiftPackageReference section */

/* Begin XCSwiftPackageProductDependency section */
		F13905D7253344EA00821A6F /* URLImage */ = {
			isa = XCSwiftPackageProductDependency;
			package = F13905D6253344EA00821A6F /* XCRemoteSwiftPackageReference "url-image" */;
			productName = URLImage;
		};
/* End XCSwiftPackageProductDependency section */
	};
	rootObject = F1284739251CFAEA00BCE2F4 /* Project object */;
}
